
Microsoft Visual Studio Solution File, Format Version 12.00
# Visual Studio Version 17
VisualStudioVersion = 17.3.32929.385
MinimumVisualStudioVersion = 10.0.40219.1
Project("{FAE04EC0-301F-11D3-BF4B-00C04F79EFBC}") = "AspNetCoreParte2", "AspNetCoreParte2.csproj", "{8569B53B-70C7-41AA-8048-2EFE6CE76A98}"
EndProject
Global
	GlobalSection(SolutionConfigurationPlatforms) = preSolution
		Debug|Any CPU = Debug|Any CPU
		Release|Any CPU = Release|Any CPU
	EndGlobalSection
	GlobalSection(ProjectConfigurationPlatforms) = postSolution
		{8569B53B-70C7-41AA-8048-2EFE6CE76A98}.Debug|Any CPU.ActiveCfg = Debug|Any CPU
		{8569B53B-70C7-41AA-8048-2EFE6CE76A98}.Debug|Any CPU.Build.0 = Debug|Any CPU
		{8569B53B-70C7-41AA-8048-2EFE6CE76A98}.Release|Any CPU.ActiveCfg = Release|Any CPU
		{8569B53B-70C7-41AA-8048-2EFE6CE76A98}.Release|Any CPU.Build.0 = Release|Any CPU
	EndGlobalSection
	GlobalSection(SolutionProperties) = preSolution
		HideSolutionNode = FALSE
	EndGlobalSection
	GlobalSection(ExtensibilityGlobals) = postSolution
		SolutionGuid = {6846C76C-6FC3-44C9-A857-0B8935F0CA64}
	EndGlobalSection
EndGlobal
